
Microsoft Visual Studio Solution File, Format Version 12.00
Project("{2150E333-8FDC-42A3-9474-1A3956D46DE8}") = "src", "src", "{1F369EB0-48F8-40AB-9C69-646E04BEBC20}"
EndProject
Project("{FAE04EC0-301F-11D3-BF4B-00C04F79EFBC}") = "LangAssembler", "src\LangAssembler\LangAssembler.csproj", "{785A32C8-C525-4F3A-A1E5-3E5E03E5017C}"
EndProject
Project("{FAE04EC0-301F-11D3-BF4B-00C04F79EFBC}") = "LangAssembler.Lexer", "src\LangAssembler.Lexer\LangAssembler.Lexer.csproj", "{6BBBD565-66F5-441A-80B6-1239E5977029}"
EndProject
Project("{FAE04EC0-301F-11D3-BF4B-00C04F79EFBC}") = "LangAssembler.Parser", "src\LangAssembler.Parser\LangAssembler.Parser.csproj", "{3B3A9C29-7A83-4041-A519-C618C93242AA}"
EndProject
Project("{FAE04EC0-301F-11D3-BF4B-00C04F79EFBC}") = "LangAssembler.PreProcessor", "src\LangAssembler.PreProcessor\LangAssembler.PreProcessor.csproj", "{45372553-E047-4984-AAA5-1DC4D451D0F0}"
EndProject
Project("{2150E333-8FDC-42A3-9474-1A3956D46DE8}") = "doc", "doc", "{8BE3D79F-CDAC-4A57-B803-117FA581B37F}"
	ProjectSection(SolutionItems) = preProject
		docfx.json = docfx.json
		LICENSE = LICENSE
		articles\toc.yml = articles\toc.yml
		index.md = index.md
	EndProjectSection
EndProject
Project("{2150E333-8FDC-42A3-9474-1A3956D46DE8}") = "Generation", "Generation", "{561985D6-3120-44F2-A03D-D825312CB598}"
EndProject
Project("{FAE04EC0-301F-11D3-BF4B-00C04F79EFBC}") = "LangAssembler.Generator", "src\LangAssembler.Generator\LangAssembler.Generator.csproj", "{24AB24D0-EAD7-4E4D-9E44-B3D374CC62CF}"
EndProject
Project("{FAE04EC0-301F-11D3-BF4B-00C04F79EFBC}") = "LangAssembler.Generator.Lexer", "src\LangAssembler.Generator.Lexer\LangAssembler.Generator.Lexer.csproj", "{8AFD3F52-2C7E-4140-A9B2-682BA5C73844}"
EndProject
Project("{FAE04EC0-301F-11D3-BF4B-00C04F79EFBC}") = "LangAssembler.Document", "src\LangAssembler.Document\LangAssembler.Document.csproj", "{859391B8-F654-4B06-90D8-D2CB00372BD9}"
EndProject
Global
	GlobalSection(SolutionConfigurationPlatforms) = preSolution
		Debug|Any CPU = Debug|Any CPU
		Release|Any CPU = Release|Any CPU
	EndGlobalSection
	GlobalSection(NestedProjects) = preSolution
		{785A32C8-C525-4F3A-A1E5-3E5E03E5017C} = {1F369EB0-48F8-40AB-9C69-646E04BEBC20}
		{6BBBD565-66F5-441A-80B6-1239E5977029} = {1F369EB0-48F8-40AB-9C69-646E04BEBC20}
		{3B3A9C29-7A83-4041-A519-C618C93242AA} = {1F369EB0-48F8-40AB-9C69-646E04BEBC20}
		{45372553-E047-4984-AAA5-1DC4D451D0F0} = {1F369EB0-48F8-40AB-9C69-646E04BEBC20}
		{561985D6-3120-44F2-A03D-D825312CB598} = {1F369EB0-48F8-40AB-9C69-646E04BEBC20}
		{24AB24D0-EAD7-4E4D-9E44-B3D374CC62CF} = {561985D6-3120-44F2-A03D-D825312CB598}
		{8AFD3F52-2C7E-4140-A9B2-682BA5C73844} = {561985D6-3120-44F2-A03D-D825312CB598}
		{859391B8-F654-4B06-90D8-D2CB00372BD9} = {1F369EB0-48F8-40AB-9C69-646E04BEBC20}
	EndGlobalSection
	GlobalSection(ProjectConfigurationPlatforms) = postSolution
		{785A32C8-C525-4F3A-A1E5-3E5E03E5017C}.Debug|Any CPU.ActiveCfg = Debug|Any CPU
		{785A32C8-C525-4F3A-A1E5-3E5E03E5017C}.Debug|Any CPU.Build.0 = Debug|Any CPU
		{785A32C8-C525-4F3A-A1E5-3E5E03E5017C}.Release|Any CPU.ActiveCfg = Release|Any CPU
		{785A32C8-C525-4F3A-A1E5-3E5E03E5017C}.Release|Any CPU.Build.0 = Release|Any CPU
		{6BBBD565-66F5-441A-80B6-1239E5977029}.Debug|Any CPU.ActiveCfg = Debug|Any CPU
		{6BBBD565-66F5-441A-80B6-1239E5977029}.Debug|Any CPU.Build.0 = Debug|Any CPU
		{6BBBD565-66F5-441A-80B6-1239E5977029}.Release|Any CPU.ActiveCfg = Release|Any CPU
		{6BBBD565-66F5-441A-80B6-1239E5977029}.Release|Any CPU.Build.0 = Release|Any CPU
		{3B3A9C29-7A83-4041-A519-C618C93242AA}.Debug|Any CPU.ActiveCfg = Debug|Any CPU
		{3B3A9C29-7A83-4041-A519-C618C93242AA}.Debug|Any CPU.Build.0 = Debug|Any CPU
		{3B3A9C29-7A83-4041-A519-C618C93242AA}.Release|Any CPU.ActiveCfg = Release|Any CPU
		{3B3A9C29-7A83-4041-A519-C618C93242AA}.Release|Any CPU.Build.0 = Release|Any CPU
		{45372553-E047-4984-AAA5-1DC4D451D0F0}.Debug|Any CPU.ActiveCfg = Debug|Any CPU
		{45372553-E047-4984-AAA5-1DC4D451D0F0}.Debug|Any CPU.Build.0 = Debug|Any CPU
		{45372553-E047-4984-AAA5-1DC4D451D0F0}.Release|Any CPU.ActiveCfg = Release|Any CPU
		{45372553-E047-4984-AAA5-1DC4D451D0F0}.Release|Any CPU.Build.0 = Release|Any CPU
		{24AB24D0-EAD7-4E4D-9E44-B3D374CC62CF}.Debug|Any CPU.ActiveCfg = Debug|Any CPU
		{24AB24D0-EAD7-4E4D-9E44-B3D374CC62CF}.Debug|Any CPU.Build.0 = Debug|Any CPU
		{24AB24D0-EAD7-4E4D-9E44-B3D374CC62CF}.Release|Any CPU.ActiveCfg = Release|Any CPU
		{24AB24D0-EAD7-4E4D-9E44-B3D374CC62CF}.Release|Any CPU.Build.0 = Release|Any CPU
		{8AFD3F52-2C7E-4140-A9B2-682BA5C73844}.Debug|Any CPU.ActiveCfg = Debug|Any CPU
		{8AFD3F52-2C7E-4140-A9B2-682BA5C73844}.Debug|Any CPU.Build.0 = Debug|Any CPU
		{8AFD3F52-2C7E-4140-A9B2-682BA5C73844}.Release|Any CPU.ActiveCfg = Release|Any CPU
		{8AFD3F52-2C7E-4140-A9B2-682BA5C73844}.Release|Any CPU.Build.0 = Release|Any CPU
		{859391B8-F654-4B06-90D8-D2CB00372BD9}.Debug|Any CPU.ActiveCfg = Debug|Any CPU
		{859391B8-F654-4B06-90D8-D2CB00372BD9}.Debug|Any CPU.Build.0 = Debug|Any CPU
		{859391B8-F654-4B06-90D8-D2CB00372BD9}.Release|Any CPU.ActiveCfg = Release|Any CPU
		{859391B8-F654-4B06-90D8-D2CB00372BD9}.Release|Any CPU.Build.0 = Release|Any CPU
	EndGlobalSection
EndGlobal
